
Microsoft Visual Studio Solution File, Format Version 12.00
# Visual Studio Version 16
VisualStudioVersion = 16.0.30406.217
MinimumVisualStudioVersion = 10.0.40219.1
Project("{FAE04EC0-301F-11D3-BF4B-00C04F79EFBC}") = "StefanDateTimeDemo", "StefanDateTimeDemo\StefanDateTimeDemo.csproj", "{BBC20E94-7803-49CE-87DF-2BC318F49D97}"
EndProject
Global
	GlobalSection(SolutionConfigurationPlatforms) = preSolution
		Debug|Any CPU = Debug|Any CPU
		Release|Any CPU = Release|Any CPU
	EndGlobalSection
	GlobalSection(ProjectConfigurationPlatforms) = postSolution
		{BBC20E94-7803-49CE-87DF-2BC318F49D97}.Debug|Any CPU.ActiveCfg = Debug|Any CPU
		{BBC20E94-7803-49CE-87DF-2BC318F49D97}.Debug|Any CPU.Build.0 = Debug|Any CPU
		{BBC20E94-7803-49CE-87DF-2BC318F49D97}.Release|Any CPU.ActiveCfg = Release|Any CPU
		{BBC20E94-7803-49CE-87DF-2BC318F49D97}.Release|Any CPU.Build.0 = Release|Any CPU
	EndGlobalSection
	GlobalSection(SolutionProperties) = preSolution
		HideSolutionNode = FALSE
	EndGlobalSection
	GlobalSection(ExtensibilityGlobals) = postSolution
		SolutionGuid = {0F0FFA6A-280C-4628-84F1-F6740C1CAA3F}
	EndGlobalSection
EndGlobal
